// !$*UTF8*$!
{
	archiveVersion = 1;
	classes = {
	};
	objectVersion = 50;
	objects = {

/* Begin PBXBuildFile section */
		464BDEEE22421AF5007C8AFC /* AppDelegate.swift in Sources */ = {isa = PBXBuildFile; fileRef = 464BDEED22421AF5007C8AFC /* AppDelegate.swift */; };
		464BDEF022421AF5007C8AFC /* SearchViewController.swift in Sources */ = {isa = PBXBuildFile; fileRef = 464BDEEF22421AF5007C8AFC /* SearchViewController.swift */; };
		464BDEF322421AF5007C8AFC /* Main.storyboard in Resources */ = {isa = PBXBuildFile; fileRef = 464BDEF122421AF5007C8AFC /* Main.storyboard */; };
		464BDEF522421AF6007C8AFC /* Assets.xcassets in Resources */ = {isa = PBXBuildFile; fileRef = 464BDEF422421AF6007C8AFC /* Assets.xcassets */; };
		464BDEF822421AF6007C8AFC /* LaunchScreen.storyboard in Resources */ = {isa = PBXBuildFile; fileRef = 464BDEF622421AF6007C8AFC /* LaunchScreen.storyboard */; };
		464BDF0522421D0B007C8AFC /* ResultViewController.swift in Sources */ = {isa = PBXBuildFile; fileRef = 464BDF0422421D0B007C8AFC /* ResultViewController.swift */; };
		464BDF0722421D2A007C8AFC /* DetailViewController.swift in Sources */ = {isa = PBXBuildFile; fileRef = 464BDF0622421D2A007C8AFC /* DetailViewController.swift */; };
		464BDF0B224330DD007C8AFC /* GurunaviDataRuquest.swift in Sources */ = {isa = PBXBuildFile; fileRef = 464BDF0A224330DD007C8AFC /* GurunaviDataRuquest.swift */; };
		464BDF0E224335D3007C8AFC /* NotificationCenter.swift in Sources */ = {isa = PBXBuildFile; fileRef = 464BDF0D224335D3007C8AFC /* NotificationCenter.swift */; };
		464BDF1022433CBC007C8AFC /* ResponseStructs.swift in Sources */ = {isa = PBXBuildFile; fileRef = 464BDF0F22433CBC007C8AFC /* ResponseStructs.swift */; };
		464BDF122243520A007C8AFC /* RequestStructs.swift in Sources */ = {isa = PBXBuildFile; fileRef = 464BDF112243520A007C8AFC /* RequestStructs.swift */; };
		8B60CF8B7E4C316725C6CCB5 /* Pods_megurumeApp.framework in Frameworks */ = {isa = PBXBuildFile; fileRef = 67273E34FE49368B24CF1D68 /* Pods_megurumeApp.framework */; };
/* End PBXBuildFile section */

/* Begin PBXFileReference section */
		464BDEEA22421AF5007C8AFC /* megurumeApp.app */ = {isa = PBXFileReference; explicitFileType = wrapper.application; includeInIndex = 0; path = megurumeApp.app; sourceTree = BUILT_PRODUCTS_DIR; };
		464BDEED22421AF5007C8AFC /* AppDelegate.swift */ = {isa = PBXFileReference; lastKnownFileType = sourcecode.swift; path = AppDelegate.swift; sourceTree = "<group>"; };
		464BDEEF22421AF5007C8AFC /* SearchViewController.swift */ = {isa = PBXFileReference; lastKnownFileType = sourcecode.swift; path = SearchViewController.swift; sourceTree = "<group>"; };
		464BDEF222421AF5007C8AFC /* Base */ = {isa = PBXFileReference; lastKnownFileType = file.storyboard; name = Base; path = Base.lproj/Main.storyboard; sourceTree = "<group>"; };
		464BDEF422421AF6007C8AFC /* Assets.xcassets */ = {isa = PBXFileReference; lastKnownFileType = folder.assetcatalog; path = Assets.xcassets; sourceTree = "<group>"; };
		464BDEF722421AF6007C8AFC /* Base */ = {isa = PBXFileReference; lastKnownFileType = file.storyboard; name = Base; path = Base.lproj/LaunchScreen.storyboard; sourceTree = "<group>"; };
		464BDEF922421AF6007C8AFC /* Info.plist */ = {isa = PBXFileReference; lastKnownFileType = text.plist.xml; path = Info.plist; sourceTree = "<group>"; };
		464BDF0422421D0B007C8AFC /* ResultViewController.swift */ = {isa = PBXFileReference; lastKnownFileType = sourcecode.swift; path = ResultViewController.swift; sourceTree = "<group>"; };
		464BDF0622421D2A007C8AFC /* DetailViewController.swift */ = {isa = PBXFileReference; lastKnownFileType = sourcecode.swift; path = DetailViewController.swift; sourceTree = "<group>"; };
		464BDF0A224330DD007C8AFC /* GurunaviDataRuquest.swift */ = {isa = PBXFileReference; lastKnownFileType = sourcecode.swift; path = GurunaviDataRuquest.swift; sourceTree = "<group>"; };
		464BDF0D224335D3007C8AFC /* NotificationCenter.swift */ = {isa = PBXFileReference; lastKnownFileType = sourcecode.swift; path = NotificationCenter.swift; sourceTree = "<group>"; };
		464BDF0F22433CBC007C8AFC /* ResponseStructs.swift */ = {isa = PBXFileReference; lastKnownFileType = sourcecode.swift; path = ResponseStructs.swift; sourceTree = "<group>"; };
		464BDF112243520A007C8AFC /* RequestStructs.swift */ = {isa = PBXFileReference; lastKnownFileType = sourcecode.swift; path = RequestStructs.swift; sourceTree = "<group>"; };
		464BDF132245CEC3007C8AFC /* Alamofire.framework */ = {isa = PBXFileReference; explicitFileType = wrapper.framework; path = Alamofire.framework; sourceTree = BUILT_PRODUCTS_DIR; };
		464BDF152245CEC3007C8AFC /* SwiftyJSON.framework */ = {isa = PBXFileReference; explicitFileType = wrapper.framework; path = SwiftyJSON.framework; sourceTree = BUILT_PRODUCTS_DIR; };
		67273E34FE49368B24CF1D68 /* Pods_megurumeApp.framework */ = {isa = PBXFileReference; explicitFileType = wrapper.framework; includeInIndex = 0; path = Pods_megurumeApp.framework; sourceTree = BUILT_PRODUCTS_DIR; };
		891347463551F204FD4F1604 /* Pods-megurumeApp.debug.xcconfig */ = {isa = PBXFileReference; includeInIndex = 1; lastKnownFileType = text.xcconfig; name = "Pods-megurumeApp.debug.xcconfig"; path = "Pods/Target Support Files/Pods-megurumeApp/Pods-megurumeApp.debug.xcconfig"; sourceTree = "<group>"; };
		A9240AFE556BC31EC1203653 /* Pods-megurumeApp.release.xcconfig */ = {isa = PBXFileReference; includeInIndex = 1; lastKnownFileType = text.xcconfig; name = "Pods-megurumeApp.release.xcconfig"; path = "Pods/Target Support Files/Pods-megurumeApp/Pods-megurumeApp.release.xcconfig"; sourceTree = "<group>"; };
/* End PBXFileReference section */

/* Begin PBXFrameworksBuildPhase section */
		464BDEE722421AF5007C8AFC /* Frameworks */ = {
			isa = PBXFrameworksBuildPhase;
			buildActionMask = 2147483647;
			files = (
				8B60CF8B7E4C316725C6CCB5 /* Pods_megurumeApp.framework in Frameworks */,
			);
			runOnlyForDeploymentPostprocessing = 0;
		};
/* End PBXFrameworksBuildPhase section */

/* Begin PBXGroup section */
		24793C578E7DC38DD4D136F0 /* Pods */ = {
			isa = PBXGroup;
			children = (
				891347463551F204FD4F1604 /* Pods-megurumeApp.debug.xcconfig */,
				A9240AFE556BC31EC1203653 /* Pods-megurumeApp.release.xcconfig */,
			);
			name = Pods;
			sourceTree = "<group>";
		};
		464BDEE122421AF5007C8AFC = {
			isa = PBXGroup;
			children = (
				464BDEEC22421AF5007C8AFC /* megurumeApp */,
				464BDEEB22421AF5007C8AFC /* Products */,
				24793C578E7DC38DD4D136F0 /* Pods */,
				92EC173C132EA9C16353CBB5 /* Frameworks */,
			);
			sourceTree = "<group>";
		};
		464BDEEB22421AF5007C8AFC /* Products */ = {
			isa = PBXGroup;
			children = (
				464BDEEA22421AF5007C8AFC /* megurumeApp.app */,
			);
			name = Products;
			sourceTree = "<group>";
		};
		464BDEEC22421AF5007C8AFC /* megurumeApp */ = {
			isa = PBXGroup;
			children = (
				464BDEFF22421BFE007C8AFC /* resource */,
				464BDF0022421C13007C8AFC /* src */,
			);
			path = megurumeApp;
			sourceTree = "<group>";
		};
		464BDEFF22421BFE007C8AFC /* resource */ = {
			isa = PBXGroup;
			children = (
				464BDEF422421AF6007C8AFC /* Assets.xcassets */,
				464BDEF922421AF6007C8AFC /* Info.plist */,
			);
			path = resource;
			sourceTree = "<group>";
		};
		464BDF0022421C13007C8AFC /* src */ = {
			isa = PBXGroup;
			children = (
				464BDF0222421C93007C8AFC /* storyboard */,
				464BDF0822433085007C8AFC /* util */,
				464BDF0322421CBA007C8AFC /* Model */,
				464BDF0122421C6B007C8AFC /* ViewController */,
			);
			path = src;
			sourceTree = "<group>";
		};
		464BDF0122421C6B007C8AFC /* ViewController */ = {
			isa = PBXGroup;
			children = (
				464BDEEF22421AF5007C8AFC /* SearchViewController.swift */,
				464BDF0422421D0B007C8AFC /* ResultViewController.swift */,
				464BDF0622421D2A007C8AFC /* DetailViewController.swift */,
			);
			path = ViewController;
			sourceTree = "<group>";
		};
		464BDF0222421C93007C8AFC /* storyboard */ = {
			isa = PBXGroup;
			children = (
				464BDEF622421AF6007C8AFC /* LaunchScreen.storyboard */,
				464BDEF122421AF5007C8AFC /* Main.storyboard */,
			);
			path = storyboard;
			sourceTree = "<group>";
		};
		464BDF0322421CBA007C8AFC /* Model */ = {
			isa = PBXGroup;
			children = (
				464BDEED22421AF5007C8AFC /* AppDelegate.swift */,
				464BDF0A224330DD007C8AFC /* GurunaviDataRuquest.swift */,
			);
			path = Model;
			sourceTree = "<group>";
		};
		464BDF0822433085007C8AFC /* util */ = {
			isa = PBXGroup;
			children = (
				464BDF0C224335A4007C8AFC /* NotificationCenter */,
				464BDF09224330A0007C8AFC /* Structs */,
			);
			path = util;
			sourceTree = "<group>";
		};
		464BDF09224330A0007C8AFC /* Structs */ = {
			isa = PBXGroup;
			children = (
				464BDF112243520A007C8AFC /* RequestStructs.swift */,
				464BDF0F22433CBC007C8AFC /* ResponseStructs.swift */,
			);
			path = Structs;
			sourceTree = "<group>";
		};
		464BDF0C224335A4007C8AFC /* NotificationCenter */ = {
			isa = PBXGroup;
			children = (
				464BDF0D224335D3007C8AFC /* NotificationCenter.swift */,
			);
			path = NotificationCenter;
			sourceTree = "<group>";
		};
		92EC173C132EA9C16353CBB5 /* Frameworks */ = {
			isa = PBXGroup;
			children = (
				464BDF132245CEC3007C8AFC /* Alamofire.framework */,
				464BDF152245CEC3007C8AFC /* SwiftyJSON.framework */,
				67273E34FE49368B24CF1D68 /* Pods_megurumeApp.framework */,
			);
			name = Frameworks;
			sourceTree = "<group>";
		};
/* End PBXGroup section */

/* Begin PBXNativeTarget section */
		464BDEE922421AF5007C8AFC /* megurumeApp */ = {
			isa = PBXNativeTarget;
			buildConfigurationList = 464BDEFC22421AF6007C8AFC /* Build configuration list for PBXNativeTarget "megurumeApp" */;
			buildPhases = (
				FB68BF705CFCC01B09695025 /* [CP] Check Pods Manifest.lock */,
				464BDEE622421AF5007C8AFC /* Sources */,
				464BDEE722421AF5007C8AFC /* Frameworks */,
				464BDEE822421AF5007C8AFC /* Resources */,
				7D6AF992BC22D73FE78351A5 /* [CP] Embed Pods Frameworks */,
			);
			buildRules = (
			);
			dependencies = (
			);
			name = megurumeApp;
			productName = megurumeApp;
			productReference = 464BDEEA22421AF5007C8AFC /* megurumeApp.app */;
			productType = "com.apple.product-type.application";
		};
/* End PBXNativeTarget section */

/* Begin PBXProject section */
		464BDEE222421AF5007C8AFC /* Project object */ = {
			isa = PBXProject;
			attributes = {
				LastSwiftUpdateCheck = 1010;
				LastUpgradeCheck = 1010;
				ORGANIZATIONNAME = kwtkMe;
				TargetAttributes = {
					464BDEE922421AF5007C8AFC = {
						CreatedOnToolsVersion = 10.1;
						SystemCapabilities = {
							com.apple.BackgroundModes = {
								enabled = 1;
							};
						};
					};
				};
			};
			buildConfigurationList = 464BDEE522421AF5007C8AFC /* Build configuration list for PBXProject "megurumeApp" */;
			compatibilityVersion = "Xcode 9.3";
			developmentRegion = en;
			hasScannedForEncodings = 0;
			knownRegions = (
				en,
				Base,
			);
			mainGroup = 464BDEE122421AF5007C8AFC;
			productRefGroup = 464BDEEB22421AF5007C8AFC /* Products */;
			projectDirPath = "";
			projectRoot = "";
			targets = (
				464BDEE922421AF5007C8AFC /* megurumeApp */,
			);
		};
/* End PBXProject section */

/* Begin PBXResourcesBuildPhase section */
		464BDEE822421AF5007C8AFC /* Resources */ = {
			isa = PBXResourcesBuildPhase;
			buildActionMask = 2147483647;
			files = (
				464BDEF822421AF6007C8AFC /* LaunchScreen.storyboard in Resources */,
				464BDEF522421AF6007C8AFC /* Assets.xcassets in Resources */,
				464BDEF322421AF5007C8AFC /* Main.storyboard in Resources */,
			);
			runOnlyForDeploymentPostprocessing = 0;
		};
/* End PBXResourcesBuildPhase section */

/* Begin PBXShellScriptBuildPhase section */
		7D6AF992BC22D73FE78351A5 /* [CP] Embed Pods Frameworks */ = {
			isa = PBXShellScriptBuildPhase;
			buildActionMask = 2147483647;
			files = (
			);
			inputPaths = (
				"${SRCROOT}/Pods/Target Support Files/Pods-megurumeApp/Pods-megurumeApp-frameworks.sh",
				"${BUILT_PRODUCTS_DIR}/Alamofire/Alamofire.framework",
				"${BUILT_PRODUCTS_DIR}/SwiftyJSON/SwiftyJSON.framework",
			);
			name = "[CP] Embed Pods Frameworks";
			outputPaths = (
				"${TARGET_BUILD_DIR}/${FRAMEWORKS_FOLDER_PATH}/Alamofire.framework",
				"${TARGET_BUILD_DIR}/${FRAMEWORKS_FOLDER_PATH}/SwiftyJSON.framework",
			);
			runOnlyForDeploymentPostprocessing = 0;
			shellPath = /bin/sh;
			shellScript = "\"${SRCROOT}/Pods/Target Support Files/Pods-megurumeApp/Pods-megurumeApp-frameworks.sh\"\n";
			showEnvVarsInLog = 0;
		};
		FB68BF705CFCC01B09695025 /* [CP] Check Pods Manifest.lock */ = {
			isa = PBXShellScriptBuildPhase;
			buildActionMask = 2147483647;
			files = (
			);
			inputPaths = (
				"${PODS_PODFILE_DIR_PATH}/Podfile.lock",
				"${PODS_ROOT}/Manifest.lock",
			);
			name = "[CP] Check Pods Manifest.lock";
			outputPaths = (
				"$(DERIVED_FILE_DIR)/Pods-megurumeApp-checkManifestLockResult.txt",
			);
			runOnlyForDeploymentPostprocessing = 0;
			shellPath = /bin/sh;
			shellScript = "diff \"${PODS_PODFILE_DIR_PATH}/Podfile.lock\" \"${PODS_ROOT}/Manifest.lock\" > /dev/null\nif [ $? != 0 ] ; then\n    # print error to STDERR\n    echo \"error: The sandbox is not in sync with the Podfile.lock. Run 'pod install' or update your CocoaPods installation.\" >&2\n    exit 1\nfi\n# This output is used by Xcode 'outputs' to avoid re-running this script phase.\necho \"SUCCESS\" > \"${SCRIPT_OUTPUT_FILE_0}\"\n";
			showEnvVarsInLog = 0;
		};
/* End PBXShellScriptBuildPhase section */

/* Begin PBXSourcesBuildPhase section */
		464BDEE622421AF5007C8AFC /* Sources */ = {
			isa = PBXSourcesBuildPhase;
			buildActionMask = 2147483647;
			files = (
				464BDEF022421AF5007C8AFC /* SearchViewController.swift in Sources */,
				464BDF122243520A007C8AFC /* RequestStructs.swift in Sources */,
				464BDF1022433CBC007C8AFC /* ResponseStructs.swift in Sources */,
				464BDF0E224335D3007C8AFC /* NotificationCenter.swift in Sources */,
				464BDEEE22421AF5007C8AFC /* AppDelegate.swift in Sources */,
				464BDF0B224330DD007C8AFC /* GurunaviDataRuquest.swift in Sources */,
				464BDF0522421D0B007C8AFC /* ResultViewController.swift in Sources */,
				464BDF0722421D2A007C8AFC /* DetailViewController.swift in Sources */,
			);
			runOnlyForDeploymentPostprocessing = 0;
		};
/* End PBXSourcesBuildPhase section */

/* Begin PBXVariantGroup section */
		464BDEF122421AF5007C8AFC /* Main.storyboard */ = {
			isa = PBXVariantGroup;
			children = (
				464BDEF222421AF5007C8AFC /* Base */,
			);
			name = Main.storyboard;
			sourceTree = "<group>";
		};
		464BDEF622421AF6007C8AFC /* LaunchScreen.storyboard */ = {
			isa = PBXVariantGroup;
			children = (
				464BDEF722421AF6007C8AFC /* Base */,
			);
			name = LaunchScreen.storyboard;
			sourceTree = "<group>";
		};
/* End PBXVariantGroup section */

/* Begin XCBuildConfiguration section */
		464BDEFA22421AF6007C8AFC /* Debug */ = {
			isa = XCBuildConfiguration;
			buildSettings = {
				ALWAYS_SEARCH_USER_PATHS = NO;
				CLANG_ANALYZER_NONNULL = YES;
				CLANG_ANALYZER_NUMBER_OBJECT_CONVERSION = YES_AGGRESSIVE;
				CLANG_CXX_LANGUAGE_STANDARD = "gnu++14";
				CLANG_CXX_LIBRARY = "libc++";
				CLANG_ENABLE_MODULES = YES;
				CLANG_ENABLE_OBJC_ARC = YES;
				CLANG_ENABLE_OBJC_WEAK = YES;
				CLANG_WARN_BLOCK_CAPTURE_AUTORELEASING = YES;
				CLANG_WARN_BOOL_CONVERSION = YES;
				CLANG_WARN_COMMA = YES;
				CLANG_WARN_CONSTANT_CONVERSION = YES;
				CLANG_WARN_DEPRECATED_OBJC_IMPLEMENTATIONS = YES;
				CLANG_WARN_DIRECT_OBJC_ISA_USAGE = YES_ERROR;
				CLANG_WARN_DOCUMENTATION_COMMENTS = YES;
				CLANG_WARN_EMPTY_BODY = YES;
				CLANG_WARN_ENUM_CONVERSION = YES;
				CLANG_WARN_INFINITE_RECURSION = YES;
				CLANG_WARN_INT_CONVERSION = YES;
				CLANG_WARN_NON_LITERAL_NULL_CONVERSION = YES;
				CLANG_WARN_OBJC_IMPLICIT_RETAIN_SELF = YES;
				CLANG_WARN_OBJC_LITERAL_CONVERSION = YES;
				CLANG_WARN_OBJC_ROOT_CLASS = YES_ERROR;
				CLANG_WARN_RANGE_LOOP_ANALYSIS = YES;
				CLANG_WARN_STRICT_PROTOTYPES = YES;
				CLANG_WARN_SUSPICIOUS_MOVE = YES;
				CLANG_WARN_UNGUARDED_AVAILABILITY = YES_AGGRESSIVE;
				CLANG_WARN_UNREACHABLE_CODE = YES;
				CLANG_WARN__DUPLICATE_METHOD_MATCH = YES;
				CODE_SIGN_IDENTITY = "iPhone Developer";
				COPY_PHASE_STRIP = NO;
				DEBUG_INFORMATION_FORMAT = dwarf;
				ENABLE_STRICT_OBJC_MSGSEND = YES;
				ENABLE_TESTABILITY = YES;
				GCC_C_LANGUAGE_STANDARD = gnu11;
				GCC_DYNAMIC_NO_PIC = NO;
				GCC_NO_COMMON_BLOCKS = YES;
				GCC_OPTIMIZATION_LEVEL = 0;
				GCC_PREPROCESSOR_DEFINITIONS = (
					"DEBUG=1",
					"$(inherited)",
				);
				GCC_WARN_64_TO_32_BIT_CONVERSION = YES;
				GCC_WARN_ABOUT_RETURN_TYPE = YES_ERROR;
				GCC_WARN_UNDECLARED_SELECTOR = YES;
				GCC_WARN_UNINITIALIZED_AUTOS = YES_AGGRESSIVE;
				GCC_WARN_UNUSED_FUNCTION = YES;
				GCC_WARN_UNUSED_VARIABLE = YES;
				IPHONEOS_DEPLOYMENT_TARGET = 12.1;
				MTL_ENABLE_DEBUG_INFO = INCLUDE_SOURCE;
				MTL_FAST_MATH = YES;
				ONLY_ACTIVE_ARCH = YES;
				SDKROOT = iphoneos;
				SWIFT_ACTIVE_COMPILATION_CONDITIONS = DEBUG;
				SWIFT_OPTIMIZATION_LEVEL = "-Onone";
			};
			name = Debug;
		};
		464BDEFB22421AF6007C8AFC /* Release */ = {
			isa = XCBuildConfiguration;
			buildSettings = {
				ALWAYS_SEARCH_USER_PATHS = NO;
				CLANG_ANALYZER_NONNULL = YES;
				CLANG_ANALYZER_NUMBER_OBJECT_CONVERSION = YES_AGGRESSIVE;
				CLANG_CXX_LANGUAGE_STANDARD = "gnu++14";
				CLANG_CXX_LIBRARY = "libc++";
				CLANG_ENABLE_MODULES = YES;
				CLANG_ENABLE_OBJC_ARC = YES;
				CLANG_ENABLE_OBJC_WEAK = YES;
				CLANG_WARN_BLOCK_CAPTURE_AUTORELEASING = YES;
				CLANG_WARN_BOOL_CONVERSION = YES;
				CLANG_WARN_COMMA = YES;
				CLANG_WARN_CONSTANT_CONVERSION = YES;
				CLANG_WARN_DEPRECATED_OBJC_IMPLEMENTATIONS = YES;
				CLANG_WARN_DIRECT_OBJC_ISA_USAGE = YES_ERROR;
				CLANG_WARN_DOCUMENTATION_COMMENTS = YES;
				CLANG_WARN_EMPTY_BODY = YES;
				CLANG_WARN_ENUM_CONVERSION = YES;
				CLANG_WARN_INFINITE_RECURSION = YES;
				CLANG_WARN_INT_CONVERSION = YES;
				CLANG_WARN_NON_LITERAL_NULL_CONVERSION = YES;
				CLANG_WARN_OBJC_IMPLICIT_RETAIN_SELF = YES;
				CLANG_WARN_OBJC_LITERAL_CONVERSION = YES;
				CLANG_WARN_OBJC_ROOT_CLASS = YES_ERROR;
				CLANG_WARN_RANGE_LOOP_ANALYSIS = YES;
				CLANG_WARN_STRICT_PROTOTYPES = YES;
				CLANG_WARN_SUSPICIOUS_MOVE = YES;
				CLANG_WARN_UNGUARDED_AVAILABILITY = YES_AGGRESSIVE;
				CLANG_WARN_UNREACHABLE_CODE = YES;
				CLANG_WARN__DUPLICATE_METHOD_MATCH = YES;
				CODE_SIGN_IDENTITY = "iPhone Developer";
				COPY_PHASE_STRIP = NO;
				DEBUG_INFORMATION_FORMAT = "dwarf-with-dsym";
				ENABLE_NS_ASSERTIONS = NO;
				ENABLE_STRICT_OBJC_MSGSEND = YES;
				GCC_C_LANGUAGE_STANDARD = gnu11;
				GCC_NO_COMMON_BLOCKS = YES;
				GCC_WARN_64_TO_32_BIT_CONVERSION = YES;
				GCC_WARN_ABOUT_RETURN_TYPE = YES_ERROR;
				GCC_WARN_UNDECLARED_SELECTOR = YES;
				GCC_WARN_UNINITIALIZED_AUTOS = YES_AGGRESSIVE;
				GCC_WARN_UNUSED_FUNCTION = YES;
				GCC_WARN_UNUSED_VARIABLE = YES;
				IPHONEOS_DEPLOYMENT_TARGET = 12.1;
				MTL_ENABLE_DEBUG_INFO = NO;
				MTL_FAST_MATH = YES;
				SDKROOT = iphoneos;
				SWIFT_COMPILATION_MODE = wholemodule;
				SWIFT_OPTIMIZATION_LEVEL = "-O";
				VALIDATE_PRODUCT = YES;
			};
			name = Release;
		};
		464BDEFD22421AF6007C8AFC /* Debug */ = {
			isa = XCBuildConfiguration;
			baseConfigurationReference = 891347463551F204FD4F1604 /* Pods-megurumeApp.debug.xcconfig */;
			buildSettings = {
				ASSETCATALOG_COMPILER_APPICON_NAME = AppIcon;
				CODE_SIGN_STYLE = Automatic;
				DEVELOPMENT_TEAM = T76YCQUHFU;
				INFOPLIST_FILE = "$(SRCROOT)/megurumeApp/resource/Info.plist";
				LD_RUNPATH_SEARCH_PATHS = (
					"$(inherited)",
					"@executable_path/Frameworks",
				);
				PRODUCT_BUNDLE_IDENTIFIER = com.Reverse.megurumeApp;
				PRODUCT_NAME = "$(TARGET_NAME)";
				SWIFT_VERSION = 4.2;
				TARGETED_DEVICE_FAMILY = "1,2";
			};
			name = Debug;
		};
		464BDEFE22421AF6007C8AFC /* Release */ = {
			isa = XCBuildConfiguration;
			baseConfigurationReference = A9240AFE556BC31EC1203653 /* Pods-megurumeApp.release.xcconfig */;
			buildSettings = {
				ASSETCATALOG_COMPILER_APPICON_NAME = AppIcon;
				CODE_SIGN_STYLE = Automatic;
				DEVELOPMENT_TEAM = T76YCQUHFU;
				INFOPLIST_FILE = "$(SRCROOT)/megurumeApp/resource/Info.plist";
				LD_RUNPATH_SEARCH_PATHS = (
					"$(inherited)",
					"@executable_path/Frameworks",
				);
				PRODUCT_BUNDLE_IDENTIFIER = com.Reverse.megurumeApp;
				PRODUCT_NAME = "$(TARGET_NAME)";
				SWIFT_VERSION = 4.2;
				TARGETED_DEVICE_FAMILY = "1,2";
			};
			name = Release;
		};
/* End XCBuildConfiguration section */

/* Begin XCConfigurationList section */
		464BDEE522421AF5007C8AFC /* Build configuration list for PBXProject "megurumeApp" */ = {
			isa = XCConfigurationList;
			buildConfigurations = (
				464BDEFA22421AF6007C8AFC /* Debug */,
				464BDEFB22421AF6007C8AFC /* Release */,
			);
			defaultConfigurationIsVisible = 0;
			defaultConfigurationName = Release;
		};
		464BDEFC22421AF6007C8AFC /* Build configuration list for PBXNativeTarget "megurumeApp" */ = {
			isa = XCConfigurationList;
			buildConfigurations = (
				464BDEFD22421AF6007C8AFC /* Debug */,
				464BDEFE22421AF6007C8AFC /* Release */,
			);
			defaultConfigurationIsVisible = 0;
			defaultConfigurationName = Release;
		};
/* End XCConfigurationList section */
	};
	rootObject = 464BDEE222421AF5007C8AFC /* Project object */;
}
